// !$*UTF8*$!
{
	archiveVersion = 1;
	classes = {
	};
	objectVersion = 55;
	objects = {

/* Begin PBXBuildFile section */
		74A40CC028BB7CF5004D011D /* AppDelegate.swift in Sources */ = {isa = PBXBuildFile; fileRef = 74A40CBF28BB7CF5004D011D /* AppDelegate.swift */; };
		74A40CC228BB7CF5004D011D /* SceneDelegate.swift in Sources */ = {isa = PBXBuildFile; fileRef = 74A40CC128BB7CF5004D011D /* SceneDelegate.swift */; };
		74A40CC428BB7CF5004D011D /* ViewController.swift in Sources */ = {isa = PBXBuildFile; fileRef = 74A40CC328BB7CF5004D011D /* ViewController.swift */; };
		74A40CC728BB7CF5004D011D /* Main.storyboard in Resources */ = {isa = PBXBuildFile; fileRef = 74A40CC528BB7CF5004D011D /* Main.storyboard */; };
		74A40CC928BB7CF6004D011D /* Assets.xcassets in Resources */ = {isa = PBXBuildFile; fileRef = 74A40CC828BB7CF6004D011D /* Assets.xcassets */; };
		74A40CCC28BB7CF6004D011D /* LaunchScreen.storyboard in Resources */ = {isa = PBXBuildFile; fileRef = 74A40CCA28BB7CF6004D011D /* LaunchScreen.storyboard */; };
		74A40D2B28BBE47D004D011D /* Filmler.swift in Sources */ = {isa = PBXBuildFile; fileRef = 74A40D2A28BBE47D004D011D /* Filmler.swift */; };
		74A40D3328BC130C004D011D /* SearchController.swift in Sources */ = {isa = PBXBuildFile; fileRef = 74A40D3228BC130C004D011D /* SearchController.swift */; };
		74A40D3628BC1372004D011D /* SearchCollectionViewCell.swift in Sources */ = {isa = PBXBuildFile; fileRef = 74A40D3528BC1372004D011D /* SearchCollectionViewCell.swift */; };
		74A40D3928BD5B27004D011D /* DownloadViewController.swift in Sources */ = {isa = PBXBuildFile; fileRef = 74A40D3828BD5B27004D011D /* DownloadViewController.swift */; };
		74A40D3B28BD5B66004D011D /* DownloadTableViewCell.swift in Sources */ = {isa = PBXBuildFile; fileRef = 74A40D3A28BD5B66004D011D /* DownloadTableViewCell.swift */; };
		74A40D4128BFE954004D011D /* MyStuffVC.swift in Sources */ = {isa = PBXBuildFile; fileRef = 74A40D4028BFE954004D011D /* MyStuffVC.swift */; };
		74A40D4328C10B9C004D011D /* SliderCollectionCell.swift in Sources */ = {isa = PBXBuildFile; fileRef = 74A40D4228C10B9C004D011D /* SliderCollectionCell.swift */; };
		74A40D6228C20468004D011D /* TableViewCell.swift in Sources */ = {isa = PBXBuildFile; fileRef = 74A40D6128C20468004D011D /* TableViewCell.swift */; };
		74A40D6428C254E9004D011D /* CollectionViewCell.swift in Sources */ = {isa = PBXBuildFile; fileRef = 74A40D6328C254E9004D011D /* CollectionViewCell.swift */; };
/* End PBXBuildFile section */

/* Begin PBXFileReference section */
		74A40CBC28BB7CF5004D011D /* AmazonPrimeVideo.app */ = {isa = PBXFileReference; explicitFileType = wrapper.application; includeInIndex = 0; path = AmazonPrimeVideo.app; sourceTree = BUILT_PRODUCTS_DIR; };
		74A40CBF28BB7CF5004D011D /* AppDelegate.swift */ = {isa = PBXFileReference; lastKnownFileType = sourcecode.swift; path = AppDelegate.swift; sourceTree = "<group>"; };
		74A40CC128BB7CF5004D011D /* SceneDelegate.swift */ = {isa = PBXFileReference; lastKnownFileType = sourcecode.swift; path = SceneDelegate.swift; sourceTree = "<group>"; };
		74A40CC328BB7CF5004D011D /* ViewController.swift */ = {isa = PBXFileReference; lastKnownFileType = sourcecode.swift; path = ViewController.swift; sourceTree = "<group>"; };
		74A40CC628BB7CF5004D011D /* Base */ = {isa = PBXFileReference; lastKnownFileType = file.storyboard; name = Base; path = Base.lproj/Main.storyboard; sourceTree = "<group>"; };
		74A40CC828BB7CF6004D011D /* Assets.xcassets */ = {isa = PBXFileReference; lastKnownFileType = folder.assetcatalog; path = Assets.xcassets; sourceTree = "<group>"; };
		74A40CCB28BB7CF6004D011D /* Base */ = {isa = PBXFileReference; lastKnownFileType = file.storyboard; name = Base; path = Base.lproj/LaunchScreen.storyboard; sourceTree = "<group>"; };
		74A40CCD28BB7CF6004D011D /* Info.plist */ = {isa = PBXFileReference; lastKnownFileType = text.plist.xml; path = Info.plist; sourceTree = "<group>"; };
		74A40D2A28BBE47D004D011D /* Filmler.swift */ = {isa = PBXFileReference; lastKnownFileType = sourcecode.swift; path = Filmler.swift; sourceTree = "<group>"; };
		74A40D3228BC130C004D011D /* SearchController.swift */ = {isa = PBXFileReference; lastKnownFileType = sourcecode.swift; path = SearchController.swift; sourceTree = "<group>"; };
		74A40D3528BC1372004D011D /* SearchCollectionViewCell.swift */ = {isa = PBXFileReference; lastKnownFileType = sourcecode.swift; path = SearchCollectionViewCell.swift; sourceTree = "<group>"; };
		74A40D3828BD5B27004D011D /* DownloadViewController.swift */ = {isa = PBXFileReference; lastKnownFileType = sourcecode.swift; path = DownloadViewController.swift; sourceTree = "<group>"; };
		74A40D3A28BD5B66004D011D /* DownloadTableViewCell.swift */ = {isa = PBXFileReference; lastKnownFileType = sourcecode.swift; path = DownloadTableViewCell.swift; sourceTree = "<group>"; };
		74A40D4028BFE954004D011D /* MyStuffVC.swift */ = {isa = PBXFileReference; lastKnownFileType = sourcecode.swift; path = MyStuffVC.swift; sourceTree = "<group>"; };
		74A40D4228C10B9C004D011D /* SliderCollectionCell.swift */ = {isa = PBXFileReference; lastKnownFileType = sourcecode.swift; path = SliderCollectionCell.swift; sourceTree = "<group>"; };
		74A40D6128C20468004D011D /* TableViewCell.swift */ = {isa = PBXFileReference; lastKnownFileType = sourcecode.swift; path = TableViewCell.swift; sourceTree = "<group>"; };
		74A40D6328C254E9004D011D /* CollectionViewCell.swift */ = {isa = PBXFileReference; lastKnownFileType = sourcecode.swift; path = CollectionViewCell.swift; sourceTree = "<group>"; };
/* End PBXFileReference section */

/* Begin PBXFrameworksBuildPhase section */
		74A40CB928BB7CF5004D011D /* Frameworks */ = {
			isa = PBXFrameworksBuildPhase;
			buildActionMask = 2147483647;
			files = (
			);
			runOnlyForDeploymentPostprocessing = 0;
		};
/* End PBXFrameworksBuildPhase section */

/* Begin PBXGroup section */
		74A40CB328BB7CF5004D011D = {
			isa = PBXGroup;
			children = (
				74A40CBE28BB7CF5004D011D /* AmazonPrimeVideo */,
				74A40CBD28BB7CF5004D011D /* Products */,
			);
			sourceTree = "<group>";
		};
		74A40CBD28BB7CF5004D011D /* Products */ = {
			isa = PBXGroup;
			children = (
				74A40CBC28BB7CF5004D011D /* AmazonPrimeVideo.app */,
			);
			name = Products;
			sourceTree = "<group>";
		};
		74A40CBE28BB7CF5004D011D /* AmazonPrimeVideo */ = {
			isa = PBXGroup;
			children = (
				74A40D3E28BD5D14004D011D /* Model */,
				74A40D3C28BD5CF8004D011D /* MainPage */,
				74A40D3428BC1354004D011D /* Search */,
				74A40D3728BD5B13004D011D /* Download */,
				74A40D3F28BFE937004D011D /* My stuff */,
				74A40D3D28BD5D08004D011D /* Support */,
				74A40CCD28BB7CF6004D011D /* Info.plist */,
			);
			path = AmazonPrimeVideo;
			sourceTree = "<group>";
		};
		74A40D3428BC1354004D011D /* Search */ = {
			isa = PBXGroup;
			children = (
				74A40D3228BC130C004D011D /* SearchController.swift */,
				74A40D3528BC1372004D011D /* SearchCollectionViewCell.swift */,
			);
			path = Search;
			sourceTree = "<group>";
		};
		74A40D3728BD5B13004D011D /* Download */ = {
			isa = PBXGroup;
			children = (
				74A40D3828BD5B27004D011D /* DownloadViewController.swift */,
				74A40D3A28BD5B66004D011D /* DownloadTableViewCell.swift */,
			);
			path = Download;
			sourceTree = "<group>";
		};
		74A40D3C28BD5CF8004D011D /* MainPage */ = {
			isa = PBXGroup;
			children = (
				74A40CC328BB7CF5004D011D /* ViewController.swift */,
				74A40D4228C10B9C004D011D /* SliderCollectionCell.swift */,
				74A40D6128C20468004D011D /* TableViewCell.swift */,
				74A40D6328C254E9004D011D /* CollectionViewCell.swift */,
			);
			path = MainPage;
			sourceTree = "<group>";
		};
		74A40D3D28BD5D08004D011D /* Support */ = {
			isa = PBXGroup;
			children = (
				74A40CC828BB7CF6004D011D /* Assets.xcassets */,
				74A40CCA28BB7CF6004D011D /* LaunchScreen.storyboard */,
				74A40CC528BB7CF5004D011D /* Main.storyboard */,
				74A40CC128BB7CF5004D011D /* SceneDelegate.swift */,
				74A40CBF28BB7CF5004D011D /* AppDelegate.swift */,
			);
			path = Support;
			sourceTree = "<group>";
		};
		74A40D3E28BD5D14004D011D /* Model */ = {
			isa = PBXGroup;
			children = (
				74A40D2A28BBE47D004D011D /* Filmler.swift */,
			);
			path = Model;
			sourceTree = "<group>";
		};
		74A40D3F28BFE937004D011D /* My stuff */ = {
			isa = PBXGroup;
			children = (
				74A40D4028BFE954004D011D /* MyStuffVC.swift */,
			);
			path = "My stuff";
			sourceTree = "<group>";
		};
/* End PBXGroup section */

/* Begin PBXNativeTarget section */
		74A40CBB28BB7CF5004D011D /* AmazonPrimeVideo */ = {
			isa = PBXNativeTarget;
			buildConfigurationList = 74A40CD028BB7CF6004D011D /* Build configuration list for PBXNativeTarget "AmazonPrimeVideo" */;
			buildPhases = (
				74A40CB828BB7CF5004D011D /* Sources */,
				74A40CB928BB7CF5004D011D /* Frameworks */,
				74A40CBA28BB7CF5004D011D /* Resources */,
			);
			buildRules = (
			);
			dependencies = (
			);
			name = AmazonPrimeVideo;
			productName = AmazonPrimeVideo;
			productReference = 74A40CBC28BB7CF5004D011D /* AmazonPrimeVideo.app */;
			productType = "com.apple.product-type.application";
		};
/* End PBXNativeTarget section */

/* Begin PBXProject section */
		74A40CB428BB7CF5004D011D /* Project object */ = {
			isa = PBXProject;
			attributes = {
				BuildIndependentTargetsInParallel = 1;
				LastSwiftUpdateCheck = 1340;
				LastUpgradeCheck = 1340;
				TargetAttributes = {
					74A40CBB28BB7CF5004D011D = {
						CreatedOnToolsVersion = 13.4.1;
					};
				};
			};
			buildConfigurationList = 74A40CB728BB7CF5004D011D /* Build configuration list for PBXProject "AmazonPrimeVideo" */;
			compatibilityVersion = "Xcode 13.0";
			developmentRegion = en;
			hasScannedForEncodings = 0;
			knownRegions = (
				en,
				Base,
			);
			mainGroup = 74A40CB328BB7CF5004D011D;
			productRefGroup = 74A40CBD28BB7CF5004D011D /* Products */;
			projectDirPath = "";
			projectRoot = "";
			targets = (
				74A40CBB28BB7CF5004D011D /* AmazonPrimeVideo */,
			);
		};
/* End PBXProject section */

/* Begin PBXResourcesBuildPhase section */
		74A40CBA28BB7CF5004D011D /* Resources */ = {
			isa = PBXResourcesBuildPhase;
			buildActionMask = 2147483647;
			files = (
				74A40CCC28BB7CF6004D011D /* LaunchScreen.storyboard in Resources */,
				74A40CC928BB7CF6004D011D /* Assets.xcassets in Resources */,
				74A40CC728BB7CF5004D011D /* Main.storyboard in Resources */,
			);
			runOnlyForDeploymentPostprocessing = 0;
		};
/* End PBXResourcesBuildPhase section */

/* Begin PBXSourcesBuildPhase section */
		74A40CB828BB7CF5004D011D /* Sources */ = {
			isa = PBXSourcesBuildPhase;
			buildActionMask = 2147483647;
			files = (
				74A40D4328C10B9C004D011D /* SliderCollectionCell.swift in Sources */,
				74A40D3B28BD5B66004D011D /* DownloadTableViewCell.swift in Sources */,
				74A40D6428C254E9004D011D /* CollectionViewCell.swift in Sources */,
				74A40D2B28BBE47D004D011D /* Filmler.swift in Sources */,
				74A40D3328BC130C004D011D /* SearchController.swift in Sources */,
				74A40D3928BD5B27004D011D /* DownloadViewController.swift in Sources */,
				74A40CC428BB7CF5004D011D /* ViewController.swift in Sources */,
				74A40D6228C20468004D011D /* TableViewCell.swift in Sources */,
				74A40CC028BB7CF5004D011D /* AppDelegate.swift in Sources */,
				74A40D4128BFE954004D011D /* MyStuffVC.swift in Sources */,
				74A40D3628BC1372004D011D /* SearchCollectionViewCell.swift in Sources */,
				74A40CC228BB7CF5004D011D /* SceneDelegate.swift in Sources */,
			);
			runOnlyForDeploymentPostprocessing = 0;
		};
/* End PBXSourcesBuildPhase section */

/* Begin PBXVariantGroup section */
		74A40CC528BB7CF5004D011D /* Main.storyboard */ = {
			isa = PBXVariantGroup;
			children = (
				74A40CC628BB7CF5004D011D /* Base */,
			);
			name = Main.storyboard;
			sourceTree = "<group>";
		};
		74A40CCA28BB7CF6004D011D /* LaunchScreen.storyboard */ = {
			isa = PBXVariantGroup;
			children = (
				74A40CCB28BB7CF6004D011D /* Base */,
			);
			name = LaunchScreen.storyboard;
			sourceTree = "<group>";
		};
/* End PBXVariantGroup section */

/* Begin XCBuildConfiguration section */
		74A40CCE28BB7CF6004D011D /* Debug */ = {
			isa = XCBuildConfiguration;
			buildSettings = {
				ALWAYS_SEARCH_USER_PATHS = NO;
				CLANG_ANALYZER_NONNULL = YES;
				CLANG_ANALYZER_NUMBER_OBJECT_CONVERSION = YES_AGGRESSIVE;
				CLANG_CXX_LANGUAGE_STANDARD = "gnu++17";
				CLANG_ENABLE_MODULES = YES;
				CLANG_ENABLE_OBJC_ARC = YES;
				CLANG_ENABLE_OBJC_WEAK = YES;
				CLANG_WARN_BLOCK_CAPTURE_AUTORELEASING = YES;
				CLANG_WARN_BOOL_CONVERSION = YES;
				CLANG_WARN_COMMA = YES;
				CLANG_WARN_CONSTANT_CONVERSION = YES;
				CLANG_WARN_DEPRECATED_OBJC_IMPLEMENTATIONS = YES;
				CLANG_WARN_DIRECT_OBJC_ISA_USAGE = YES_ERROR;
				CLANG_WARN_DOCUMENTATION_COMMENTS = YES;
				CLANG_WARN_EMPTY_BODY = YES;
				CLANG_WARN_ENUM_CONVERSION = YES;
				CLANG_WARN_INFINITE_RECURSION = YES;
				CLANG_WARN_INT_CONVERSION = YES;
				CLANG_WARN_NON_LITERAL_NULL_CONVERSION = YES;
				CLANG_WARN_OBJC_IMPLICIT_RETAIN_SELF = YES;
				CLANG_WARN_OBJC_LITERAL_CONVERSION = YES;
				CLANG_WARN_OBJC_ROOT_CLASS = YES_ERROR;
				CLANG_WARN_QUOTED_INCLUDE_IN_FRAMEWORK_HEADER = YES;
				CLANG_WARN_RANGE_LOOP_ANALYSIS = YES;
				CLANG_WARN_STRICT_PROTOTYPES = YES;
				CLANG_WARN_SUSPICIOUS_MOVE = YES;
				CLANG_WARN_UNGUARDED_AVAILABILITY = YES_AGGRESSIVE;
				CLANG_WARN_UNREACHABLE_CODE = YES;
				CLANG_WARN__DUPLICATE_METHOD_MATCH = YES;
				COPY_PHASE_STRIP = NO;
				DEBUG_INFORMATION_FORMAT = dwarf;
				ENABLE_STRICT_OBJC_MSGSEND = YES;
				ENABLE_TESTABILITY = YES;
				GCC_C_LANGUAGE_STANDARD = gnu11;
				GCC_DYNAMIC_NO_PIC = NO;
				GCC_NO_COMMON_BLOCKS = YES;
				GCC_OPTIMIZATION_LEVEL = 0;
				GCC_PREPROCESSOR_DEFINITIONS = (
					"DEBUG=1",
					"$(inherited)",
				);
				GCC_WARN_64_TO_32_BIT_CONVERSION = YES;
				GCC_WARN_ABOUT_RETURN_TYPE = YES_ERROR;
				GCC_WARN_UNDECLARED_SELECTOR = YES;
				GCC_WARN_UNINITIALIZED_AUTOS = YES_AGGRESSIVE;
				GCC_WARN_UNUSED_FUNCTION = YES;
				GCC_WARN_UNUSED_VARIABLE = YES;
				IPHONEOS_DEPLOYMENT_TARGET = 15.5;
				MTL_ENABLE_DEBUG_INFO = INCLUDE_SOURCE;
				MTL_FAST_MATH = YES;
				ONLY_ACTIVE_ARCH = YES;
				SDKROOT = iphoneos;
				SWIFT_ACTIVE_COMPILATION_CONDITIONS = DEBUG;
				SWIFT_OPTIMIZATION_LEVEL = "-Onone";
			};
			name = Debug;
		};
		74A40CCF28BB7CF6004D011D /* Release */ = {
			isa = XCBuildConfiguration;
			buildSettings = {
				ALWAYS_SEARCH_USER_PATHS = NO;
				CLANG_ANALYZER_NONNULL = YES;
				CLANG_ANALYZER_NUMBER_OBJECT_CONVERSION = YES_AGGRESSIVE;
				CLANG_CXX_LANGUAGE_STANDARD = "gnu++17";
				CLANG_ENABLE_MODULES = YES;
				CLANG_ENABLE_OBJC_ARC = YES;
				CLANG_ENABLE_OBJC_WEAK = YES;
				CLANG_WARN_BLOCK_CAPTURE_AUTORELEASING = YES;
				CLANG_WARN_BOOL_CONVERSION = YES;
				CLANG_WARN_COMMA = YES;
				CLANG_WARN_CONSTANT_CONVERSION = YES;
				CLANG_WARN_DEPRECATED_OBJC_IMPLEMENTATIONS = YES;
				CLANG_WARN_DIRECT_OBJC_ISA_USAGE = YES_ERROR;
				CLANG_WARN_DOCUMENTATION_COMMENTS = YES;
				CLANG_WARN_EMPTY_BODY = YES;
				CLANG_WARN_ENUM_CONVERSION = YES;
				CLANG_WARN_INFINITE_RECURSION = YES;
				CLANG_WARN_INT_CONVERSION = YES;
				CLANG_WARN_NON_LITERAL_NULL_CONVERSION = YES;
				CLANG_WARN_OBJC_IMPLICIT_RETAIN_SELF = YES;
				CLANG_WARN_OBJC_LITERAL_CONVERSION = YES;
				CLANG_WARN_OBJC_ROOT_CLASS = YES_ERROR;
				CLANG_WARN_QUOTED_INCLUDE_IN_FRAMEWORK_HEADER = YES;
				CLANG_WARN_RANGE_LOOP_ANALYSIS = YES;
				CLANG_WARN_STRICT_PROTOTYPES = YES;
				CLANG_WARN_SUSPICIOUS_MOVE = YES;
				CLANG_WARN_UNGUARDED_AVAILABILITY = YES_AGGRESSIVE;
				CLANG_WARN_UNREACHABLE_CODE = YES;
				CLANG_WARN__DUPLICATE_METHOD_MATCH = YES;
				COPY_PHASE_STRIP = NO;
				DEBUG_INFORMATION_FORMAT = "dwarf-with-dsym";
				ENABLE_NS_ASSERTIONS = NO;
				ENABLE_STRICT_OBJC_MSGSEND = YES;
				GCC_C_LANGUAGE_STANDARD = gnu11;
				GCC_NO_COMMON_BLOCKS = YES;
				GCC_WARN_64_TO_32_BIT_CONVERSION = YES;
				GCC_WARN_ABOUT_RETURN_TYPE = YES_ERROR;
				GCC_WARN_UNDECLARED_SELECTOR = YES;
				GCC_WARN_UNINITIALIZED_AUTOS = YES_AGGRESSIVE;
				GCC_WARN_UNUSED_FUNCTION = YES;
				GCC_WARN_UNUSED_VARIABLE = YES;
				IPHONEOS_DEPLOYMENT_TARGET = 15.5;
				MTL_ENABLE_DEBUG_INFO = NO;
				MTL_FAST_MATH = YES;
				SDKROOT = iphoneos;
				SWIFT_COMPILATION_MODE = wholemodule;
				SWIFT_OPTIMIZATION_LEVEL = "-O";
				VALIDATE_PRODUCT = YES;
			};
			name = Release;
		};
		74A40CD128BB7CF6004D011D /* Debug */ = {
			isa = XCBuildConfiguration;
			buildSettings = {
				ASSETCATALOG_COMPILER_APPICON_NAME = AppIcon;
				ASSETCATALOG_COMPILER_GLOBAL_ACCENT_COLOR_NAME = AccentColor;
				CODE_SIGN_STYLE = Automatic;
				CURRENT_PROJECT_VERSION = 1;
				GENERATE_INFOPLIST_FILE = YES;
				INFOPLIST_FILE = AmazonPrimeVideo/Info.plist;
				INFOPLIST_KEY_UIApplicationSupportsIndirectInputEvents = YES;
				INFOPLIST_KEY_UILaunchStoryboardName = LaunchScreen;
				INFOPLIST_KEY_UIMainStoryboardFile = Main;
				INFOPLIST_KEY_UISupportedInterfaceOrientations_iPad = "UIInterfaceOrientationPortrait UIInterfaceOrientationPortraitUpsideDown UIInterfaceOrientationLandscapeLeft UIInterfaceOrientationLandscapeRight";
				INFOPLIST_KEY_UISupportedInterfaceOrientations_iPhone = "UIInterfaceOrientationPortrait UIInterfaceOrientationLandscapeLeft UIInterfaceOrientationLandscapeRight";
				LD_RUNPATH_SEARCH_PATHS = (
					"$(inherited)",
					"@executable_path/Frameworks",
				);
				MARKETING_VERSION = 1.0;
				PRODUCT_BUNDLE_IDENTIFIER = sulunbatuhan.AmazonPrimeVideo;
				PRODUCT_NAME = "$(TARGET_NAME)";
				SWIFT_EMIT_LOC_STRINGS = YES;
				SWIFT_VERSION = 5.0;
				TARGETED_DEVICE_FAMILY = "1,2";
			};
			name = Debug;
		};
		74A40CD228BB7CF6004D011D /* Release */ = {
			isa = XCBuildConfiguration;
			buildSettings = {
				ASSETCATALOG_COMPILER_APPICON_NAME = AppIcon;
				ASSETCATALOG_COMPILER_GLOBAL_ACCENT_COLOR_NAME = AccentColor;
				CODE_SIGN_STYLE = Automatic;
				CURRENT_PROJECT_VERSION = 1;
				GENERATE_INFOPLIST_FILE = YES;
				INFOPLIST_FILE = AmazonPrimeVideo/Info.plist;
				INFOPLIST_KEY_UIApplicationSupportsIndirectInputEvents = YES;
				INFOPLIST_KEY_UILaunchStoryboardName = LaunchScreen;
				INFOPLIST_KEY_UIMainStoryboardFile = Main;
				INFOPLIST_KEY_UISupportedInterfaceOrientations_iPad = "UIInterfaceOrientationPortrait UIInterfaceOrientationPortraitUpsideDown UIInterfaceOrientationLandscapeLeft UIInterfaceOrientationLandscapeRight";
				INFOPLIST_KEY_UISupportedInterfaceOrientations_iPhone = "UIInterfaceOrientationPortrait UIInterfaceOrientationLandscapeLeft UIInterfaceOrientationLandscapeRight";
				LD_RUNPATH_SEARCH_PATHS = (
					"$(inherited)",
					"@executable_path/Frameworks",
				);
				MARKETING_VERSION = 1.0;
				PRODUCT_BUNDLE_IDENTIFIER = sulunbatuhan.AmazonPrimeVideo;
				PRODUCT_NAME = "$(TARGET_NAME)";
				SWIFT_EMIT_LOC_STRINGS = YES;
				SWIFT_VERSION = 5.0;
				TARGETED_DEVICE_FAMILY = "1,2";
			};
			name = Release;
		};
/* End XCBuildConfiguration section */

/* Begin XCConfigurationList section */
		74A40CB728BB7CF5004D011D /* Build configuration list for PBXProject "AmazonPrimeVideo" */ = {
			isa = XCConfigurationList;
			buildConfigurations = (
				74A40CCE28BB7CF6004D011D /* Debug */,
				74A40CCF28BB7CF6004D011D /* Release */,
			);
			defaultConfigurationIsVisible = 0;
			defaultConfigurationName = Release;
		};
		74A40CD028BB7CF6004D011D /* Build configuration list for PBXNativeTarget "AmazonPrimeVideo" */ = {
			isa = XCConfigurationList;
			buildConfigurations = (
				74A40CD128BB7CF6004D011D /* Debug */,
				74A40CD228BB7CF6004D011D /* Release */,
			);
			defaultConfigurationIsVisible = 0;
			defaultConfigurationName = Release;
		};
/* End XCConfigurationList section */
	};
	rootObject = 74A40CB428BB7CF5004D011D /* Project object */;
}
